// !$*UTF8*$!
{
	archiveVersion = 1;
	classes = {
	};
	objectVersion = 46;
	objects = {

/* Begin PBXBuildFile section */
		3C83A94419FF28F600AE0D8E /* AppDelegate.swift in Sources */ = {isa = PBXBuildFile; fileRef = 3C83A94319FF28F600AE0D8E /* AppDelegate.swift */; };
		3C83A94619FF28F600AE0D8E /* ViewController.swift in Sources */ = {isa = PBXBuildFile; fileRef = 3C83A94519FF28F600AE0D8E /* ViewController.swift */; };
		3C83A94919FF28F600AE0D8E /* Main.storyboard in Resources */ = {isa = PBXBuildFile; fileRef = 3C83A94719FF28F600AE0D8E /* Main.storyboard */; };
		3C83A94B19FF28F600AE0D8E /* Images.xcassets in Resources */ = {isa = PBXBuildFile; fileRef = 3C83A94A19FF28F600AE0D8E /* Images.xcassets */; };
		3C83A94E19FF28F600AE0D8E /* LaunchScreen.xib in Resources */ = {isa = PBXBuildFile; fileRef = 3C83A94C19FF28F600AE0D8E /* LaunchScreen.xib */; };
		3C83A95A19FF28F600AE0D8E /* TestAppTests.swift in Sources */ = {isa = PBXBuildFile; fileRef = 3C83A95919FF28F600AE0D8E /* TestAppTests.swift */; };
/* End PBXBuildFile section */

/* Begin PBXContainerItemProxy section */
		3C83A95419FF28F600AE0D8E /* PBXContainerItemProxy */ = {
			isa = PBXContainerItemProxy;
			containerPortal = 3C83A93619FF28F600AE0D8E /* Project object */;
			proxyType = 1;
			remoteGlobalIDString = 3C83A93D19FF28F600AE0D8E;
			remoteInfo = TestApp;
		};
/* End PBXContainerItemProxy section */

/* Begin PBXFileReference section */
		3C83A93E19FF28F600AE0D8E /* TestApp.app */ = {isa = PBXFileReference; explicitFileType = wrapper.application; includeInIndex = 0; path = TestApp.app; sourceTree = BUILT_PRODUCTS_DIR; };
		3C83A94219FF28F600AE0D8E /* Info.plist */ = {isa = PBXFileReference; lastKnownFileType = text.plist.xml; path = Info.plist; sourceTree = "<group>"; };
		3C83A94319FF28F600AE0D8E /* AppDelegate.swift */ = {isa = PBXFileReference; lastKnownFileType = sourcecode.swift; path = AppDelegate.swift; sourceTree = "<group>"; };
		3C83A94519FF28F600AE0D8E /* ViewController.swift */ = {isa = PBXFileReference; lastKnownFileType = sourcecode.swift; path = ViewController.swift; sourceTree = "<group>"; };
		3C83A94819FF28F600AE0D8E /* Base */ = {isa = PBXFileReference; lastKnownFileType = file.storyboard; name = Base; path = Base.lproj/Main.storyboard; sourceTree = "<group>"; };
		3C83A94A19FF28F600AE0D8E /* Images.xcassets */ = {isa = PBXFileReference; lastKnownFileType = folder.assetcatalog; path = Images.xcassets; sourceTree = "<group>"; };
		3C83A94D19FF28F600AE0D8E /* Base */ = {isa = PBXFileReference; lastKnownFileType = file.xib; name = Base; path = Base.lproj/LaunchScreen.xib; sourceTree = "<group>"; };
		3C83A95319FF28F600AE0D8E /* TestAppTests.xctest */ = {isa = PBXFileReference; explicitFileType = wrapper.cfbundle; includeInIndex = 0; path = TestAppTests.xctest; sourceTree = BUILT_PRODUCTS_DIR; };
		3C83A95819FF28F600AE0D8E /* Info.plist */ = {isa = PBXFileReference; lastKnownFileType = text.plist.xml; path = Info.plist; sourceTree = "<group>"; };
		3C83A95919FF28F600AE0D8E /* TestAppTests.swift */ = {isa = PBXFileReference; lastKnownFileType = sourcecode.swift; path = TestAppTests.swift; sourceTree = "<group>"; };
/* End PBXFileReference section */

/* Begin PBXFrameworksBuildPhase section */
		3C83A93B19FF28F600AE0D8E /* Frameworks */ = {
			isa = PBXFrameworksBuildPhase;
			buildActionMask = 2147483647;
			files = (
			);
			runOnlyForDeploymentPostprocessing = 0;
		};
		3C83A95019FF28F600AE0D8E /* Frameworks */ = {
			isa = PBXFrameworksBuildPhase;
			buildActionMask = 2147483647;
			files = (
			);
			runOnlyForDeploymentPostprocessing = 0;
		};
/* End PBXFrameworksBuildPhase section */

/* Begin PBXGroup section */
		3C83A93519FF28F600AE0D8E = {
			isa = PBXGroup;
			children = (
				3C83A94019FF28F600AE0D8E /* TestApp */,
				3C83A95619FF28F600AE0D8E /* TestAppTests */,
				3C83A93F19FF28F600AE0D8E /* Products */,
			);
			sourceTree = "<group>";
		};
		3C83A93F19FF28F600AE0D8E /* Products */ = {
			isa = PBXGroup;
			children = (
				3C83A93E19FF28F600AE0D8E /* TestApp.app */,
				3C83A95319FF28F600AE0D8E /* TestAppTests.xctest */,
			);
			name = Products;
			sourceTree = "<group>";
		};
		3C83A94019FF28F600AE0D8E /* TestApp */ = {
			isa = PBXGroup;
			children = (
				3C83A94319FF28F600AE0D8E /* AppDelegate.swift */,
				3C83A94519FF28F600AE0D8E /* ViewController.swift */,
				3C83A94719FF28F600AE0D8E /* Main.storyboard */,
				3C83A94A19FF28F600AE0D8E /* Images.xcassets */,
				3C83A94C19FF28F600AE0D8E /* LaunchScreen.xib */,
				3C83A94119FF28F600AE0D8E /* Supporting Files */,
			);
			path = TestApp;
			sourceTree = "<group>";
		};
		3C83A94119FF28F600AE0D8E /* Supporting Files */ = {
			isa = PBXGroup;
			children = (
				3C83A94219FF28F600AE0D8E /* Info.plist */,
			);
			name = "Supporting Files";
			sourceTree = "<group>";
		};
		3C83A95619FF28F600AE0D8E /* TestAppTests */ = {
			isa = PBXGroup;
			children = (
				3C83A95919FF28F600AE0D8E /* TestAppTests.swift */,
				3C83A95719FF28F600AE0D8E /* Supporting Files */,
			);
			path = TestAppTests;
			sourceTree = "<group>";
		};
		3C83A95719FF28F600AE0D8E /* Supporting Files */ = {
			isa = PBXGroup;
			children = (
				3C83A95819FF28F600AE0D8E /* Info.plist */,
			);
			name = "Supporting Files";
			sourceTree = "<group>";
		};
/* End PBXGroup section */

/* Begin PBXNativeTarget section */
		3C83A93D19FF28F600AE0D8E /* TestApp */ = {
			isa = PBXNativeTarget;
			buildConfigurationList = 3C83A95D19FF28F600AE0D8E /* Build configuration list for PBXNativeTarget "TestApp" */;
			buildPhases = (
				3C83A93A19FF28F600AE0D8E /* Sources */,
				3C83A93B19FF28F600AE0D8E /* Frameworks */,
				3C83A93C19FF28F600AE0D8E /* Resources */,
			);
			buildRules = (
			);
			dependencies = (
			);
			name = TestApp;
			productName = TestApp;
			productReference = 3C83A93E19FF28F600AE0D8E /* TestApp.app */;
			productType = "com.apple.product-type.application";
		};
		3C83A95219FF28F600AE0D8E /* TestAppTests */ = {
			isa = PBXNativeTarget;
			buildConfigurationList = 3C83A96019FF28F600AE0D8E /* Build configuration list for PBXNativeTarget "TestAppTests" */;
			buildPhases = (
				3C83A94F19FF28F600AE0D8E /* Sources */,
				3C83A95019FF28F600AE0D8E /* Frameworks */,
				3C83A95119FF28F600AE0D8E /* Resources */,
			);
			buildRules = (
			);
			dependencies = (
				3C83A95519FF28F600AE0D8E /* PBXTargetDependency */,
			);
			name = TestAppTests;
			productName = TestAppTests;
			productReference = 3C83A95319FF28F600AE0D8E /* TestAppTests.xctest */;
			productType = "com.apple.product-type.bundle.unit-test";
		};
/* End PBXNativeTarget section */

/* Begin PBXProject section */
		3C83A93619FF28F600AE0D8E /* Project object */ = {
			isa = PBXProject;
			attributes = {
				LastUpgradeCheck = 0610;
				ORGANIZATIONNAME = "Eric Black";
				TargetAttributes = {
					3C83A93D19FF28F600AE0D8E = {
						CreatedOnToolsVersion = 6.1;
					};
					3C83A95219FF28F600AE0D8E = {
						CreatedOnToolsVersion = 6.1;
						TestTargetID = 3C83A93D19FF28F600AE0D8E;
					};
				};
			};
			buildConfigurationList = 3C83A93919FF28F600AE0D8E /* Build configuration list for PBXProject "TestApp" */;
			compatibilityVersion = "Xcode 3.2";
			developmentRegion = English;
			hasScannedForEncodings = 0;
			knownRegions = (
				en,
				Base,
			);
			mainGroup = 3C83A93519FF28F600AE0D8E;
			productRefGroup = 3C83A93F19FF28F600AE0D8E /* Products */;
			projectDirPath = "";
			projectRoot = "";
			targets = (
				3C83A93D19FF28F600AE0D8E /* TestApp */,
				3C83A95219FF28F600AE0D8E /* TestAppTests */,
			);
		};
/* End PBXProject section */

/* Begin PBXResourcesBuildPhase section */
		3C83A93C19FF28F600AE0D8E /* Resources */ = {
			isa = PBXResourcesBuildPhase;
			buildActionMask = 2147483647;
			files = (
				3C83A94919FF28F600AE0D8E /* Main.storyboard in Resources */,
				3C83A94E19FF28F600AE0D8E /* LaunchScreen.xib in Resources */,
				3C83A94B19FF28F600AE0D8E /* Images.xcassets in Resources */,
			);
			runOnlyForDeploymentPostprocessing = 0;
		};
		3C83A95119FF28F600AE0D8E /* Resources */ = {
			isa = PBXResourcesBuildPhase;
			buildActionMask = 2147483647;
			files = (
			);
			runOnlyForDeploymentPostprocessing = 0;
		};
/* End PBXResourcesBuildPhase section */

/* Begin PBXSourcesBuildPhase section */
		3C83A93A19FF28F600AE0D8E /* Sources */ = {
			isa = PBXSourcesBuildPhase;
			buildActionMask = 2147483647;
			files = (
				3C83A94619FF28F600AE0D8E /* ViewController.swift in Sources */,
				3C83A94419FF28F600AE0D8E /* AppDelegate.swift in Sources */,
			);
			runOnlyForDeploymentPostprocessing = 0;
		};
		3C83A94F19FF28F600AE0D8E /* Sources */ = {
			isa = PBXSourcesBuildPhase;
			buildActionMask = 2147483647;
			files = (
				3C83A95A19FF28F600AE0D8E /* TestAppTests.swift in Sources */,
			);
			runOnlyForDeploymentPostprocessing = 0;
		};
/* End PBXSourcesBuildPhase section */

/* Begin PBXTargetDependency section */
		3C83A95519FF28F600AE0D8E /* PBXTargetDependency */ = {
			isa = PBXTargetDependency;
			target = 3C83A93D19FF28F600AE0D8E /* TestApp */;
			targetProxy = 3C83A95419FF28F600AE0D8E /* PBXContainerItemProxy */;
		};
/* End PBXTargetDependency section */

/* Begin PBXVariantGroup section */
		3C83A94719FF28F600AE0D8E /* Main.storyboard */ = {
			isa = PBXVariantGroup;
			children = (
				3C83A94819FF28F600AE0D8E /* Base */,
			);
			name = Main.storyboard;
			sourceTree = "<group>";
		};
		3C83A94C19FF28F600AE0D8E /* LaunchScreen.xib */ = {
			isa = PBXVariantGroup;
			children = (
				3C83A94D19FF28F600AE0D8E /* Base */,
			);
			name = LaunchScreen.xib;
			sourceTree = "<group>";
		};
/* End PBXVariantGroup section */

/* Begin XCBuildConfiguration section */
		3C83A95B19FF28F600AE0D8E /* Debug */ = {
			isa = XCBuildConfiguration;
			buildSettings = {
				ALWAYS_SEARCH_USER_PATHS = NO;
				CLANG_CXX_LANGUAGE_STANDARD = "gnu++0x";
				CLANG_CXX_LIBRARY = "libc++";
				CLANG_ENABLE_MODULES = YES;
				CLANG_ENABLE_OBJC_ARC = YES;
				CLANG_WARN_BOOL_CONVERSION = YES;
				CLANG_WARN_CONSTANT_CONVERSION = YES;
				CLANG_WARN_DIRECT_OBJC_ISA_USAGE = YES_ERROR;
				CLANG_WARN_EMPTY_BODY = YES;
				CLANG_WARN_ENUM_CONVERSION = YES;
				CLANG_WARN_INT_CONVERSION = YES;
				CLANG_WARN_OBJC_ROOT_CLASS = YES_ERROR;
				CLANG_WARN_UNREACHABLE_CODE = YES;
				CLANG_WARN__DUPLICATE_METHOD_MATCH = YES;
				"CODE_SIGN_IDENTITY[sdk=iphoneos*]" = "iPhone Developer";
				COPY_PHASE_STRIP = NO;
				ENABLE_STRICT_OBJC_MSGSEND = YES;
				GCC_C_LANGUAGE_STANDARD = gnu99;
				GCC_DYNAMIC_NO_PIC = NO;
				GCC_OPTIMIZATION_LEVEL = 0;
				GCC_PREPROCESSOR_DEFINITIONS = (
					"DEBUG=1",
					"$(inherited)",
				);
				GCC_SYMBOLS_PRIVATE_EXTERN = NO;
				GCC_WARN_64_TO_32_BIT_CONVERSION = YES;
				GCC_WARN_ABOUT_RETURN_TYPE = YES_ERROR;
				GCC_WARN_UNDECLARED_SELECTOR = YES;
				GCC_WARN_UNINITIALIZED_AUTOS = YES_AGGRESSIVE;
				GCC_WARN_UNUSED_FUNCTION = YES;
				GCC_WARN_UNUSED_VARIABLE = YES;
				IPHONEOS_DEPLOYMENT_TARGET = 8.1;
				MTL_ENABLE_DEBUG_INFO = YES;
				ONLY_ACTIVE_ARCH = YES;
				SDKROOT = iphoneos;
				SWIFT_OPTIMIZATION_LEVEL = "-Onone";
				TARGETED_DEVICE_FAMILY = "1,2";
			};
			name = Debug;
		};
		3C83A95C19FF28F600AE0D8E /* Release */ = {
			isa = XCBuildConfiguration;
			buildSettings = {
				ALWAYS_SEARCH_USER_PATHS = NO;
				CLANG_CXX_LANGUAGE_STANDARD = "gnu++0x";
				CLANG_CXX_LIBRARY = "libc++";
				CLANG_ENABLE_MODULES = YES;
				CLANG_ENABLE_OBJC_ARC = YES;
				CLANG_WARN_BOOL_CONVERSION = YES;
				CLANG_WARN_CONSTANT_CONVERSION = YES;
				CLANG_WARN_DIRECT_OBJC_ISA_USAGE = YES_ERROR;
				CLANG_WARN_EMPTY_BODY = YES;
				CLANG_WARN_ENUM_CONVERSION = YES;
				CLANG_WARN_INT_CONVERSION = YES;
				CLANG_WARN_OBJC_ROOT_CLASS = YES_ERROR;
				CLANG_WARN_UNREACHABLE_CODE = YES;
				CLANG_WARN__DUPLICATE_METHOD_MATCH = YES;
				"CODE_SIGN_IDENTITY[sdk=iphoneos*]" = "iPhone Developer";
				COPY_PHASE_STRIP = YES;
				ENABLE_NS_ASSERTIONS = NO;
				ENABLE_STRICT_OBJC_MSGSEND = YES;
				GCC_C_LANGUAGE_STANDARD = gnu99;
				GCC_WARN_64_TO_32_BIT_CONVERSION = YES;
				GCC_WARN_ABOUT_RETURN_TYPE = YES_ERROR;
				GCC_WARN_UNDECLARED_SELECTOR = YES;
				GCC_WARN_UNINITIALIZED_AUTOS = YES_AGGRESSIVE;
				GCC_WARN_UNUSED_FUNCTION = YES;
				GCC_WARN_UNUSED_VARIABLE = YES;
				IPHONEOS_DEPLOYMENT_TARGET = 8.1;
				MTL_ENABLE_DEBUG_INFO = NO;
				SDKROOT = iphoneos;
				TARGETED_DEVICE_FAMILY = "1,2";
				VALIDATE_PRODUCT = YES;
			};
			name = Release;
		};
		3C83A95E19FF28F600AE0D8E /* Debug */ = {
			isa = XCBuildConfiguration;
			buildSettings = {
				ASSETCATALOG_COMPILER_APPICON_NAME = AppIcon;
				INFOPLIST_FILE = TestApp/Info.plist;
				LD_RUNPATH_SEARCH_PATHS = "$(inherited) @executable_path/Frameworks";
				PRODUCT_NAME = "$(TARGET_NAME)";
			};
			name = Debug;
		};
		3C83A95F19FF28F600AE0D8E /* Release */ = {
			isa = XCBuildConfiguration;
			buildSettings = {
				ASSETCATALOG_COMPILER_APPICON_NAME = AppIcon;
				INFOPLIST_FILE = TestApp/Info.plist;
				LD_RUNPATH_SEARCH_PATHS = "$(inherited) @executable_path/Frameworks";
				PRODUCT_NAME = "$(TARGET_NAME)";
			};
			name = Release;
		};
		3C83A96119FF28F600AE0D8E /* Debug */ = {
			isa = XCBuildConfiguration;
			buildSettings = {
				BUNDLE_LOADER = "$(TEST_HOST)";
				FRAMEWORK_SEARCH_PATHS = (
					"$(SDKROOT)/Developer/Library/Frameworks",
					"$(inherited)",
				);
				GCC_PREPROCESSOR_DEFINITIONS = (
					"DEBUG=1",
					"$(inherited)",
				);
				INFOPLIST_FILE = TestAppTests/Info.plist;
				LD_RUNPATH_SEARCH_PATHS = "$(inherited) @executable_path/Frameworks @loader_path/Frameworks";
				PRODUCT_NAME = "$(TARGET_NAME)";
				TEST_HOST = "$(BUILT_PRODUCTS_DIR)/TestApp.app/TestApp";
			};
			name = Debug;
		};
		3C83A96219FF28F600AE0D8E /* Release */ = {
			isa = XCBuildConfiguration;
			buildSettings = {
				BUNDLE_LOADER = "$(TEST_HOST)";
				FRAMEWORK_SEARCH_PATHS = (
					"$(SDKROOT)/Developer/Library/Frameworks",
					"$(inherited)",
				);
				INFOPLIST_FILE = TestAppTests/Info.plist;
				LD_RUNPATH_SEARCH_PATHS = "$(inherited) @executable_path/Frameworks @loader_path/Frameworks";
				PRODUCT_NAME = "$(TARGET_NAME)";
				TEST_HOST = "$(BUILT_PRODUCTS_DIR)/TestApp.app/TestApp";
			};
			name = Release;
		};
/* End XCBuildConfiguration section */

/* Begin XCConfigurationList section */
		3C83A93919FF28F600AE0D8E /* Build configuration list for PBXProject "TestApp" */ = {
			isa = XCConfigurationList;
			buildConfigurations = (
				3C83A95B19FF28F600AE0D8E /* Debug */,
				3C83A95C19FF28F600AE0D8E /* Release */,
			);
			defaultConfigurationIsVisible = 0;
			defaultConfigurationName = Release;
		};
		3C83A95D19FF28F600AE0D8E /* Build configuration list for PBXNativeTarget "TestApp" */ = {
			isa = XCConfigurationList;
			buildConfigurations = (
				3C83A95E19FF28F600AE0D8E /* Debug */,
				3C83A95F19FF28F600AE0D8E /* Release */,
			);
			defaultConfigurationIsVisible = 0;
		};
		3C83A96019FF28F600AE0D8E /* Build configuration list for PBXNativeTarget "TestAppTests" */ = {
			isa = XCConfigurationList;
			buildConfigurations = (
				3C83A96119FF28F600AE0D8E /* Debug */,
				3C83A96219FF28F600AE0D8E /* Release */,
			);
			defaultConfigurationIsVisible = 0;
		};
/* End XCConfigurationList section */
	};
	rootObject = 3C83A93619FF28F600AE0D8E /* Project object */;
}
